// !$*UTF8*$!
{
	archiveVersion = 1;
	classes = {
	};
	objectVersion = 55;
	objects = {

/* Begin PBXBuildFile section */
		023AD19926E84EF300F45D9B /* CustomHeader0908App.swift in Sources */ = {isa = PBXBuildFile; fileRef = 023AD19826E84EF300F45D9B /* CustomHeader0908App.swift */; };
		023AD19B26E84EF300F45D9B /* ContentView.swift in Sources */ = {isa = PBXBuildFile; fileRef = 023AD19A26E84EF300F45D9B /* ContentView.swift */; };
		023AD19D26E84EF400F45D9B /* Assets.xcassets in Resources */ = {isa = PBXBuildFile; fileRef = 023AD19C26E84EF400F45D9B /* Assets.xcassets */; };
		023AD1A026E84EF400F45D9B /* Preview Assets.xcassets in Resources */ = {isa = PBXBuildFile; fileRef = 023AD19F26E84EF400F45D9B /* Preview Assets.xcassets */; };
		023AD1A826E852E000F45D9B /* ScrollRefreshable.swift in Sources */ = {isa = PBXBuildFile; fileRef = 023AD1A726E852E000F45D9B /* ScrollRefreshable.swift */; };
		023AD1F026E8A8CA00F45D9B /* Home.swift in Sources */ = {isa = PBXBuildFile; fileRef = 023AD1EF26E8A8CA00F45D9B /* Home.swift */; };
		023AD1F226E8B0CA00F45D9B /* CustomCorner.swift in Sources */ = {isa = PBXBuildFile; fileRef = 023AD1F126E8B0CA00F45D9B /* CustomCorner.swift */; };
		023AD1F526E8B53900F45D9B /* OffsetModifier.swift in Sources */ = {isa = PBXBuildFile; fileRef = 023AD1F426E8B53900F45D9B /* OffsetModifier.swift */; };
/* End PBXBuildFile section */

/* Begin PBXFileReference section */
		023AD19526E84EF300F45D9B /* CustomHeader0908.app */ = {isa = PBXFileReference; explicitFileType = wrapper.application; includeInIndex = 0; path = CustomHeader0908.app; sourceTree = BUILT_PRODUCTS_DIR; };
		023AD19826E84EF300F45D9B /* CustomHeader0908App.swift */ = {isa = PBXFileReference; lastKnownFileType = sourcecode.swift; path = CustomHeader0908App.swift; sourceTree = "<group>"; };
		023AD19A26E84EF300F45D9B /* ContentView.swift */ = {isa = PBXFileReference; lastKnownFileType = sourcecode.swift; path = ContentView.swift; sourceTree = "<group>"; };
		023AD19C26E84EF400F45D9B /* Assets.xcassets */ = {isa = PBXFileReference; lastKnownFileType = folder.assetcatalog; path = Assets.xcassets; sourceTree = "<group>"; };
		023AD19F26E84EF400F45D9B /* Preview Assets.xcassets */ = {isa = PBXFileReference; lastKnownFileType = folder.assetcatalog; path = "Preview Assets.xcassets"; sourceTree = "<group>"; };
		023AD1A726E852E000F45D9B /* ScrollRefreshable.swift */ = {isa = PBXFileReference; lastKnownFileType = sourcecode.swift; path = ScrollRefreshable.swift; sourceTree = "<group>"; };
		023AD1EF26E8A8CA00F45D9B /* Home.swift */ = {isa = PBXFileReference; lastKnownFileType = sourcecode.swift; path = Home.swift; sourceTree = "<group>"; };
		023AD1F126E8B0CA00F45D9B /* CustomCorner.swift */ = {isa = PBXFileReference; lastKnownFileType = sourcecode.swift; path = CustomCorner.swift; sourceTree = "<group>"; };
		023AD1F426E8B53900F45D9B /* OffsetModifier.swift */ = {isa = PBXFileReference; lastKnownFileType = sourcecode.swift; path = OffsetModifier.swift; sourceTree = "<group>"; };
/* End PBXFileReference section */

/* Begin PBXFrameworksBuildPhase section */
		023AD19226E84EF300F45D9B /* Frameworks */ = {
			isa = PBXFrameworksBuildPhase;
			buildActionMask = 2147483647;
			files = (
			);
			runOnlyForDeploymentPostprocessing = 0;
		};
/* End PBXFrameworksBuildPhase section */

/* Begin PBXGroup section */
		023AD18C26E84EF300F45D9B = {
			isa = PBXGroup;
			children = (
				023AD19726E84EF300F45D9B /* CustomHeader0908 */,
				023AD19626E84EF300F45D9B /* Products */,
			);
			sourceTree = "<group>";
		};
		023AD19626E84EF300F45D9B /* Products */ = {
			isa = PBXGroup;
			children = (
				023AD19526E84EF300F45D9B /* CustomHeader0908.app */,
			);
			name = Products;
			sourceTree = "<group>";
		};
		023AD19726E84EF300F45D9B /* CustomHeader0908 */ = {
			isa = PBXGroup;
			children = (
				023AD1A626E852B600F45D9B /* View */,
				023AD19826E84EF300F45D9B /* CustomHeader0908App.swift */,
				023AD19A26E84EF300F45D9B /* ContentView.swift */,
				023AD19C26E84EF400F45D9B /* Assets.xcassets */,
				023AD19E26E84EF400F45D9B /* Preview Content */,
			);
			path = CustomHeader0908;
			sourceTree = "<group>";
		};
		023AD19E26E84EF400F45D9B /* Preview Content */ = {
			isa = PBXGroup;
			children = (
				023AD19F26E84EF400F45D9B /* Preview Assets.xcassets */,
			);
			path = "Preview Content";
			sourceTree = "<group>";
		};
		023AD1A626E852B600F45D9B /* View */ = {
			isa = PBXGroup;
			children = (
				023AD1F326E8B51600F45D9B /* Modifilers */,
				023AD1A726E852E000F45D9B /* ScrollRefreshable.swift */,
				023AD1EF26E8A8CA00F45D9B /* Home.swift */,
				023AD1F126E8B0CA00F45D9B /* CustomCorner.swift */,
			);
			path = View;
			sourceTree = "<group>";
		};
		023AD1F326E8B51600F45D9B /* Modifilers */ = {
			isa = PBXGroup;
			children = (
				023AD1F426E8B53900F45D9B /* OffsetModifier.swift */,
			);
			path = Modifilers;
			sourceTree = "<group>";
		};
/* End PBXGroup section */

/* Begin PBXNativeTarget section */
		023AD19426E84EF300F45D9B /* CustomHeader0908 */ = {
			isa = PBXNativeTarget;
			buildConfigurationList = 023AD1A326E84EF400F45D9B /* Build configuration list for PBXNativeTarget "CustomHeader0908" */;
			buildPhases = (
				023AD19126E84EF300F45D9B /* Sources */,
				023AD19226E84EF300F45D9B /* Frameworks */,
				023AD19326E84EF300F45D9B /* Resources */,
			);
			buildRules = (
			);
			dependencies = (
			);
			name = CustomHeader0908;
			productName = CustomHeader0908;
			productReference = 023AD19526E84EF300F45D9B /* CustomHeader0908.app */;
			productType = "com.apple.product-type.application";
		};
/* End PBXNativeTarget section */

/* Begin PBXProject section */
		023AD18D26E84EF300F45D9B /* Project object */ = {
			isa = PBXProject;
			attributes = {
				BuildIndependentTargetsInParallel = 1;
				LastSwiftUpdateCheck = 1300;
				LastUpgradeCheck = 1300;
				TargetAttributes = {
					023AD19426E84EF300F45D9B = {
						CreatedOnToolsVersion = 13.0;
					};
				};
			};
			buildConfigurationList = 023AD19026E84EF300F45D9B /* Build configuration list for PBXProject "CustomHeader0908" */;
			compatibilityVersion = "Xcode 13.0";
			developmentRegion = en;
			hasScannedForEncodings = 0;
			knownRegions = (
				en,
				Base,
			);
			mainGroup = 023AD18C26E84EF300F45D9B;
			productRefGroup = 023AD19626E84EF300F45D9B /* Products */;
			projectDirPath = "";
			projectRoot = "";
			targets = (
				023AD19426E84EF300F45D9B /* CustomHeader0908 */,
			);
		};
/* End PBXProject section */

/* Begin PBXResourcesBuildPhase section */
		023AD19326E84EF300F45D9B /* Resources */ = {
			isa = PBXResourcesBuildPhase;
			buildActionMask = 2147483647;
			files = (
				023AD1A026E84EF400F45D9B /* Preview Assets.xcassets in Resources */,
				023AD19D26E84EF400F45D9B /* Assets.xcassets in Resources */,
			);
			runOnlyForDeploymentPostprocessing = 0;
		};
/* End PBXResourcesBuildPhase section */

/* Begin PBXSourcesBuildPhase section */
		023AD19126E84EF300F45D9B /* Sources */ = {
			isa = PBXSourcesBuildPhase;
			buildActionMask = 2147483647;
			files = (
				023AD19B26E84EF300F45D9B /* ContentView.swift in Sources */,
				023AD1F226E8B0CA00F45D9B /* CustomCorner.swift in Sources */,
				023AD1A826E852E000F45D9B /* ScrollRefreshable.swift in Sources */,
				023AD1F026E8A8CA00F45D9B /* Home.swift in Sources */,
				023AD19926E84EF300F45D9B /* CustomHeader0908App.swift in Sources */,
				023AD1F526E8B53900F45D9B /* OffsetModifier.swift in Sources */,
			);
			runOnlyForDeploymentPostprocessing = 0;
		};
/* End PBXSourcesBuildPhase section */

/* Begin XCBuildConfiguration section */
		023AD1A126E84EF400F45D9B /* Debug */ = {
			isa = XCBuildConfiguration;
			buildSettings = {
				ALWAYS_SEARCH_USER_PATHS = NO;
				CLANG_ANALYZER_NONNULL = YES;
				CLANG_ANALYZER_NUMBER_OBJECT_CONVERSION = YES_AGGRESSIVE;
				CLANG_CXX_LANGUAGE_STANDARD = "gnu++14";
				CLANG_CXX_LIBRARY = "libc++";
				CLANG_ENABLE_MODULES = YES;
				CLANG_ENABLE_OBJC_ARC = YES;
				CLANG_ENABLE_OBJC_WEAK = YES;
				CLANG_WARN_BLOCK_CAPTURE_AUTORELEASING = YES;
				CLANG_WARN_BOOL_CONVERSION = YES;
				CLANG_WARN_COMMA = YES;
				CLANG_WARN_CONSTANT_CONVERSION = YES;
				CLANG_WARN_DEPRECATED_OBJC_IMPLEMENTATIONS = YES;
				CLANG_WARN_DIRECT_OBJC_ISA_USAGE = YES_ERROR;
				CLANG_WARN_DOCUMENTATION_COMMENTS = YES;
				CLANG_WARN_EMPTY_BODY = YES;
				CLANG_WARN_ENUM_CONVERSION = YES;
				CLANG_WARN_INFINITE_RECURSION = YES;
				CLANG_WARN_INT_CONVERSION = YES;
				CLANG_WARN_NON_LITERAL_NULL_CONVERSION = YES;
				CLANG_WARN_OBJC_IMPLICIT_RETAIN_SELF = YES;
				CLANG_WARN_OBJC_LITERAL_CONVERSION = YES;
				CLANG_WARN_OBJC_ROOT_CLASS = YES_ERROR;
				CLANG_WARN_QUOTED_INCLUDE_IN_FRAMEWORK_HEADER = YES;
				CLANG_WARN_RANGE_LOOP_ANALYSIS = YES;
				CLANG_WARN_STRICT_PROTOTYPES = YES;
				CLANG_WARN_SUSPICIOUS_MOVE = YES;
				CLANG_WARN_UNGUARDED_AVAILABILITY = YES_AGGRESSIVE;
				CLANG_WARN_UNREACHABLE_CODE = YES;
				CLANG_WARN__DUPLICATE_METHOD_MATCH = YES;
				COPY_PHASE_STRIP = NO;
				DEBUG_INFORMATION_FORMAT = dwarf;
				ENABLE_STRICT_OBJC_MSGSEND = YES;
				ENABLE_TESTABILITY = YES;
				GCC_C_LANGUAGE_STANDARD = gnu11;
				GCC_DYNAMIC_NO_PIC = NO;
				GCC_NO_COMMON_BLOCKS = YES;
				GCC_OPTIMIZATION_LEVEL = 0;
				GCC_PREPROCESSOR_DEFINITIONS = (
					"DEBUG=1",
					"$(inherited)",
				);
				GCC_WARN_64_TO_32_BIT_CONVERSION = YES;
				GCC_WARN_ABOUT_RETURN_TYPE = YES_ERROR;
				GCC_WARN_UNDECLARED_SELECTOR = YES;
				GCC_WARN_UNINITIALIZED_AUTOS = YES_AGGRESSIVE;
				GCC_WARN_UNUSED_FUNCTION = YES;
				GCC_WARN_UNUSED_VARIABLE = YES;
				IPHONEOS_DEPLOYMENT_TARGET = 15.0;
				MTL_ENABLE_DEBUG_INFO = INCLUDE_SOURCE;
				MTL_FAST_MATH = YES;
				ONLY_ACTIVE_ARCH = YES;
				SDKROOT = iphoneos;
				SWIFT_ACTIVE_COMPILATION_CONDITIONS = DEBUG;
				SWIFT_OPTIMIZATION_LEVEL = "-Onone";
			};
			name = Debug;
		};
		023AD1A226E84EF400F45D9B /* Release */ = {
			isa = XCBuildConfiguration;
			buildSettings = {
				ALWAYS_SEARCH_USER_PATHS = NO;
				CLANG_ANALYZER_NONNULL = YES;
				CLANG_ANALYZER_NUMBER_OBJECT_CONVERSION = YES_AGGRESSIVE;
				CLANG_CXX_LANGUAGE_STANDARD = "gnu++14";
				CLANG_CXX_LIBRARY = "libc++";
				CLANG_ENABLE_MODULES = YES;
				CLANG_ENABLE_OBJC_ARC = YES;
				CLANG_ENABLE_OBJC_WEAK = YES;
				CLANG_WARN_BLOCK_CAPTURE_AUTORELEASING = YES;
				CLANG_WARN_BOOL_CONVERSION = YES;
				CLANG_WARN_COMMA = YES;
				CLANG_WARN_CONSTANT_CONVERSION = YES;
				CLANG_WARN_DEPRECATED_OBJC_IMPLEMENTATIONS = YES;
				CLANG_WARN_DIRECT_OBJC_ISA_USAGE = YES_ERROR;
				CLANG_WARN_DOCUMENTATION_COMMENTS = YES;
				CLANG_WARN_EMPTY_BODY = YES;
				CLANG_WARN_ENUM_CONVERSION = YES;
				CLANG_WARN_INFINITE_RECURSION = YES;
				CLANG_WARN_INT_CONVERSION = YES;
				CLANG_WARN_NON_LITERAL_NULL_CONVERSION = YES;
				CLANG_WARN_OBJC_IMPLICIT_RETAIN_SELF = YES;
				CLANG_WARN_OBJC_LITERAL_CONVERSION = YES;
				CLANG_WARN_OBJC_ROOT_CLASS = YES_ERROR;
				CLANG_WARN_QUOTED_INCLUDE_IN_FRAMEWORK_HEADER = YES;
				CLANG_WARN_RANGE_LOOP_ANALYSIS = YES;
				CLANG_WARN_STRICT_PROTOTYPES = YES;
				CLANG_WARN_SUSPICIOUS_MOVE = YES;
				CLANG_WARN_UNGUARDED_AVAILABILITY = YES_AGGRESSIVE;
				CLANG_WARN_UNREACHABLE_CODE = YES;
				CLANG_WARN__DUPLICATE_METHOD_MATCH = YES;
				COPY_PHASE_STRIP = NO;
				DEBUG_INFORMATION_FORMAT = "dwarf-with-dsym";
				ENABLE_NS_ASSERTIONS = NO;
				ENABLE_STRICT_OBJC_MSGSEND = YES;
				GCC_C_LANGUAGE_STANDARD = gnu11;
				GCC_NO_COMMON_BLOCKS = YES;
				GCC_WARN_64_TO_32_BIT_CONVERSION = YES;
				GCC_WARN_ABOUT_RETURN_TYPE = YES_ERROR;
				GCC_WARN_UNDECLARED_SELECTOR = YES;
				GCC_WARN_UNINITIALIZED_AUTOS = YES_AGGRESSIVE;
				GCC_WARN_UNUSED_FUNCTION = YES;
				GCC_WARN_UNUSED_VARIABLE = YES;
				IPHONEOS_DEPLOYMENT_TARGET = 15.0;
				MTL_ENABLE_DEBUG_INFO = NO;
				MTL_FAST_MATH = YES;
				SDKROOT = iphoneos;
				SWIFT_COMPILATION_MODE = wholemodule;
				SWIFT_OPTIMIZATION_LEVEL = "-O";
				VALIDATE_PRODUCT = YES;
			};
			name = Release;
		};
		023AD1A426E84EF400F45D9B /* Debug */ = {
			isa = XCBuildConfiguration;
			buildSettings = {
				ASSETCATALOG_COMPILER_APPICON_NAME = AppIcon;
				ASSETCATALOG_COMPILER_GLOBAL_ACCENT_COLOR_NAME = AccentColor;
				CODE_SIGN_STYLE = Automatic;
				CURRENT_PROJECT_VERSION = 1;
				DEVELOPMENT_ASSET_PATHS = "\"CustomHeader0908/Preview Content\"";
				DEVELOPMENT_TEAM = Z24MR455SQ;
				ENABLE_PREVIEWS = YES;
				GENERATE_INFOPLIST_FILE = YES;
				INFOPLIST_KEY_UIApplicationSceneManifest_Generation = YES;
				INFOPLIST_KEY_UIApplicationSupportsIndirectInputEvents = YES;
				INFOPLIST_KEY_UILaunchScreen_Generation = YES;
				INFOPLIST_KEY_UISupportedInterfaceOrientations_iPad = "UIInterfaceOrientationPortrait UIInterfaceOrientationPortraitUpsideDown UIInterfaceOrientationLandscapeLeft UIInterfaceOrientationLandscapeRight";
				INFOPLIST_KEY_UISupportedInterfaceOrientations_iPhone = "UIInterfaceOrientationPortrait UIInterfaceOrientationLandscapeLeft UIInterfaceOrientationLandscapeRight";
				IPHONEOS_DEPLOYMENT_TARGET = 15.0;
				LD_RUNPATH_SEARCH_PATHS = (
					"$(inherited)",
					"@executable_path/Frameworks",
				);
				MARKETING_VERSION = 1.0;
				PRODUCT_BUNDLE_IDENTIFIER = zyf.CustomHeader0908;
				PRODUCT_NAME = "$(TARGET_NAME)";
				SWIFT_EMIT_LOC_STRINGS = YES;
				SWIFT_VERSION = 5.0;
				TARGETED_DEVICE_FAMILY = "1,2";
			};
			name = Debug;
		};
		023AD1A526E84EF400F45D9B /* Release */ = {
			isa = XCBuildConfiguration;
			buildSettings = {
				ASSETCATALOG_COMPILER_APPICON_NAME = AppIcon;
				ASSETCATALOG_COMPILER_GLOBAL_ACCENT_COLOR_NAME = AccentColor;
				CODE_SIGN_STYLE = Automatic;
				CURRENT_PROJECT_VERSION = 1;
				DEVELOPMENT_ASSET_PATHS = "\"CustomHeader0908/Preview Content\"";
				DEVELOPMENT_TEAM = Z24MR455SQ;
				ENABLE_PREVIEWS = YES;
				GENERATE_INFOPLIST_FILE = YES;
				INFOPLIST_KEY_UIApplicationSceneManifest_Generation = YES;
				INFOPLIST_KEY_UIApplicationSupportsIndirectInputEvents = YES;
				INFOPLIST_KEY_UILaunchScreen_Generation = YES;
				INFOPLIST_KEY_UISupportedInterfaceOrientations_iPad = "UIInterfaceOrientationPortrait UIInterfaceOrientationPortraitUpsideDown UIInterfaceOrientationLandscapeLeft UIInterfaceOrientationLandscapeRight";
				INFOPLIST_KEY_UISupportedInterfaceOrientations_iPhone = "UIInterfaceOrientationPortrait UIInterfaceOrientationLandscapeLeft UIInterfaceOrientationLandscapeRight";
				IPHONEOS_DEPLOYMENT_TARGET = 15.0;
				LD_RUNPATH_SEARCH_PATHS = (
					"$(inherited)",
					"@executable_path/Frameworks",
				);
				MARKETING_VERSION = 1.0;
				PRODUCT_BUNDLE_IDENTIFIER = zyf.CustomHeader0908;
				PRODUCT_NAME = "$(TARGET_NAME)";
				SWIFT_EMIT_LOC_STRINGS = YES;
				SWIFT_VERSION = 5.0;
				TARGETED_DEVICE_FAMILY = "1,2";
			};
			name = Release;
		};
/* End XCBuildConfiguration section */

/* Begin XCConfigurationList section */
		023AD19026E84EF300F45D9B /* Build configuration list for PBXProject "CustomHeader0908" */ = {
			isa = XCConfigurationList;
			buildConfigurations = (
				023AD1A126E84EF400F45D9B /* Debug */,
				023AD1A226E84EF400F45D9B /* Release */,
			);
			defaultConfigurationIsVisible = 0;
			defaultConfigurationName = Release;
		};
		023AD1A326E84EF400F45D9B /* Build configuration list for PBXNativeTarget "CustomHeader0908" */ = {
			isa = XCConfigurationList;
			buildConfigurations = (
				023AD1A426E84EF400F45D9B /* Debug */,
				023AD1A526E84EF400F45D9B /* Release */,
			);
			defaultConfigurationIsVisible = 0;
			defaultConfigurationName = Release;
		};
/* End XCConfigurationList section */
	};
	rootObject = 023AD18D26E84EF300F45D9B /* Project object */;
}
